# This file is automatically @generated by Cargo.
# It is not intended for manual editing.
version = 4

[[package]]
name = "a2d-backup"
version = "0.1.0"

[[package]]
name = "a2d-core"
version = "0.1.0"
dependencies = [
 "a2d-domain",
 "a2d-identity",
 "a2d-image",
 "a2d-layout",
 "a2d-pdf",
 "a2d-search",
 "a2d-storage",
 "image",
 "serde_json",
]

[[package]]
name = "a2d-domain"
version = "0.1.0"
dependencies = [
 "getrandom 0.2.17",
]

[[package]]
name = "a2d-export"
version = "0.1.0"

[[package]]
name = "a2d-ffi"
version = "0.1.0"
dependencies = [
 "a2d-core",
 "a2d-domain",
 "a2d-identity",
 "a2d-image",
 "a2d-layout",
 "uniffi",
]

[[package]]
name = "a2d-identity"
version = "0.1.0"
dependencies = [
 "a2d-domain",
 "crc32c",
]

[[package]]
name = "a2d-image"
version = "0.1.0"
dependencies = [
 "a2d-domain",
 "a2d-identity",
 "a2d-layout",
 "apriltag-sys",
 "image",
 "qrcode",
]

[[package]]
name = "a2d-layout"
version = "0.1.0"
dependencies = [
 "a2d-domain",
 "serde",
 "serde_json",
 "sha2",
]

[[package]]
name = "a2d-model"
version = "0.1.0"

[[package]]
name = "a2d-ocr"
version = "0.1.0"

[[package]]
name = "a2d-pdf"
version = "0.1.0"
dependencies = [
 "a2d-domain",
 "a2d-identity",
 "a2d-image",
 "a2d-layout",
 "hayro",
 "image",
 "printpdf",
 "qrcode",
 "rqrr",
 "serde",
 "serde_json",
]

[[package]]
name = "a2d-search"
version = "0.1.0"
dependencies = [
 "a2d-domain",
]

[[package]]
name = "a2d-skills"
version = "0.1.0"

[[package]]
name = "a2d-storage"
version = "0.1.0"
dependencies = [
 "a2d-domain",
 "a2d-search",
 "rusqlite",
 "serde",
 "serde_json",
 "sha2",
]

[[package]]
name = "a2d-sync-model"
version = "0.1.0"

[[package]]
name = "adler2"
version = "2.0.1"
source = "registry+https://github.com/rust-lang/crates.io-index"
checksum = "320119579fcad9c21884f5c4861d16174d0e06250625266f50fe6898340abefa"

[[package]]
name = "aes"
version = "0.9.1"
source = "registry+https://github.com/rust-lang/crates.io-index"
checksum = "f1fc76eaeac4c9164506c466d4ffdd8ec9d0c5bf57ee97177c4d8eceb3a0e138"
dependencies = [
 "cipher",
 "cpubits",
 "cpufeatures",
]

[[package]]
name = "ahash"
version = "0.8.12"
source = "registry+https://github.com/rust-lang/crates.io-index"
checksum = "5a15f179cd60c4584b8a8c596927aadc462e27f2ca70c04e0071964a73ba7a75"
dependencies = [
 "cfg-if",
 "once_cell",
 "version_check",
 "zerocopy",
]

[[package]]
name = "aliasable"
version = "0.1.3"
source = "registry+https://github.com/rust-lang/crates.io-index"
checksum = "250f629c0161ad8107cf89319e990051fae62832fd343083bea452d93e2205fd"

[[package]]
name = "alloc-no-stdlib"
version = "2.0.4"
source = "registry+https://github.com/rust-lang/crates.io-index"
checksum = "cc7bb162ec39d46ab1ca8c77bf72e890535becd1751bb45f64c597edb4c8c6b3"

[[package]]
name = "alloc-stdlib"
version = "0.2.4"
source = "registry+https://github.com/rust-lang/crates.io-index"
checksum = "0e76a019e91224d279006ff972f1e984179a6e9feb050adba6ce8274aef23195"
dependencies = [
 "alloc-no-stdlib",
]

[[package]]
name = "allocator-api2"
version = "0.2.21"
source = "registry+https://github.com/rust-lang/crates.io-index"
checksum = "683d7910e743518b0e34f1186f92494becacb047c7b6bf616c96772180fef923"

[[package]]
name = "allsorts-azul"
version = "0.17.1"
source = "registry+https://github.com/rust-lang/crates.io-index"
checksum = "c652f26321a22e93b603f5589b07f49a99c20d53d88de889a04b45079abf25ca"
dependencies = [
 "bitflags",
 "brotli-decompressor",
 "encoding_rs",
 "enumflags2",
 "flate2",
 "glyph-names",
 "log",
 "ouroboros",
 "pathfinder_geometry",
 "rustc-hash",
 "tinyvec",
 "ucd-trie",
 "unicode-canonical-combining-class",
 "unicode-general-category",
 "unicode-joining-type",
]

[[package]]
name = "anstyle"
version = "1.0.14"
source = "registry+https://github.com/rust-lang/crates.io-index"
checksum = "940b3a0ca603d1eade50a4846a2afffd5ef57a9feac2c0e2ec2e14f9ead76000"

[[package]]
name = "anyhow"
version = "1.0.104"
source = "registry+https://github.com/rust-lang/crates.io-index"
checksum = "330a5ed07fa54e4702c9d6c4174f74427fc0ef6e214bbd677ae50a5099946470"

[[package]]
name = "apriltag-sys"
version = "0.4.0"
source = "registry+https://github.com/rust-lang/crates.io-index"
checksum = "9f38566d8516b936564d09eac19899bc4784549d51626f66c734ff23cd2d8da6"
dependencies = [
